// !$*UTF8*$!
{
	archiveVersion = 1;
	classes = {
	};
	objectVersion = 56;
	objects = {

/* Begin PBXBuildFile section */
		100B78CC2B62CB5D004B1FCB /* HomeBannerCell.swift in Sources */ = {isa = PBXBuildFile; fileRef = 100B78CB2B62CB5D004B1FCB /* HomeBannerCell.swift */; };
		1037438D2B51714200BB7CA8 /* TabBarController.swift in Sources */ = {isa = PBXBuildFile; fileRef = 1037438C2B51714200BB7CA8 /* TabBarController.swift */; };
		103743942B51720400BB7CA8 /* HomeViewController.swift in Sources */ = {isa = PBXBuildFile; fileRef = 103743932B51720400BB7CA8 /* HomeViewController.swift */; };
		103743962B51721D00BB7CA8 /* CategoryViewController.swift in Sources */ = {isa = PBXBuildFile; fileRef = 103743952B51721D00BB7CA8 /* CategoryViewController.swift */; };
		103743982B51722D00BB7CA8 /* FavoriteViewController.swift in Sources */ = {isa = PBXBuildFile; fileRef = 103743972B51722D00BB7CA8 /* FavoriteViewController.swift */; };
		1037439A2B51726900BB7CA8 /* BasketViewController.swift in Sources */ = {isa = PBXBuildFile; fileRef = 103743992B51726900BB7CA8 /* BasketViewController.swift */; };
		1037439C2B51728A00BB7CA8 /* SettingViewController.swift in Sources */ = {isa = PBXBuildFile; fileRef = 1037439B2B51728A00BB7CA8 /* SettingViewController.swift */; };
		105A33872B56E47C00E8CBC2 /* HomeCollectionCell.swift in Sources */ = {isa = PBXBuildFile; fileRef = 105A33862B56E47C00E8CBC2 /* HomeCollectionCell.swift */; };
		105A338B2B56E8F000E8CBC2 /* TopImageButtomLabelS.swift in Sources */ = {isa = PBXBuildFile; fileRef = 105A338A2B56E8F000E8CBC2 /* TopImageButtomLabelS.swift */; };
		106042A32B4F3BCA003BD0CC /* AppDelegate.swift in Sources */ = {isa = PBXBuildFile; fileRef = 106042A22B4F3BCA003BD0CC /* AppDelegate.swift */; };
		106042A52B4F3BCA003BD0CC /* SceneDelegate.swift in Sources */ = {isa = PBXBuildFile; fileRef = 106042A42B4F3BCA003BD0CC /* SceneDelegate.swift */; };
		106042AD2B4F3BCA003BD0CC /* DekaStarAz.xcdatamodeld in Sources */ = {isa = PBXBuildFile; fileRef = 106042AB2B4F3BCA003BD0CC /* DekaStarAz.xcdatamodeld */; };
		106042AF2B4F3BCB003BD0CC /* Assets.xcassets in Resources */ = {isa = PBXBuildFile; fileRef = 106042AE2B4F3BCB003BD0CC /* Assets.xcassets */; };
		106042B22B4F3BCB003BD0CC /* LaunchScreen.storyboard in Resources */ = {isa = PBXBuildFile; fileRef = 106042B02B4F3BCB003BD0CC /* LaunchScreen.storyboard */; };
		107168AF2B5BCA4C005D7F36 /* BannerEndpoint.swift in Sources */ = {isa = PBXBuildFile; fileRef = 107168AE2B5BCA4C005D7F36 /* BannerEndpoint.swift */; };
		107168B12B5BCAE1005D7F36 /* BannerModel.swift in Sources */ = {isa = PBXBuildFile; fileRef = 107168B02B5BCAE1005D7F36 /* BannerModel.swift */; };
		107168B42B5BCBFC005D7F36 /* NetworkHelperLinker.swift in Sources */ = {isa = PBXBuildFile; fileRef = 107168B32B5BCBFC005D7F36 /* NetworkHelperLinker.swift */; };
		107168B62B5BCC47005D7F36 /* NetworkManager.swift in Sources */ = {isa = PBXBuildFile; fileRef = 107168B52B5BCC47005D7F36 /* NetworkManager.swift */; };
		107168B92B5BCD01005D7F36 /* Alamofire in Frameworks */ = {isa = PBXBuildFile; productRef = 107168B82B5BCD01005D7F36 /* Alamofire */; };
		107168BD2B5BD00A005D7F36 /* BannerListUseCase.swift in Sources */ = {isa = PBXBuildFile; fileRef = 107168BC2B5BD00A005D7F36 /* BannerListUseCase.swift */; };
		107168BF2B5BD158005D7F36 /* HomePageManager.swift in Sources */ = {isa = PBXBuildFile; fileRef = 107168BE2B5BD158005D7F36 /* HomePageManager.swift */; };
		1093CD852B640C6500D0BBBF /* HomePagesItemsProtocols.swift in Sources */ = {isa = PBXBuildFile; fileRef = 1093CD842B640C6500D0BBBF /* HomePagesItemsProtocols.swift */; };
		10ACFCB72B665E10006F6B2A /* CategoryViewModel.swift in Sources */ = {isa = PBXBuildFile; fileRef = 10ACFCB62B665E10006F6B2A /* CategoryViewModel.swift */; };
		10B373C22B650C2D00C9DE7A /* HomeKolleksiyaCell.swift in Sources */ = {isa = PBXBuildFile; fileRef = 10B373C12B650C2D00C9DE7A /* HomeKolleksiyaCell.swift */; };
		10BE9FE82B6D3DBF006F4D51 /* ProductsViewController.swift in Sources */ = {isa = PBXBuildFile; fileRef = 10BE9FE72B6D3DBF006F4D51 /* ProductsViewController.swift */; };
		10BE9FEA2B6D436A006F4D51 /* ProductsViewModel.swift in Sources */ = {isa = PBXBuildFile; fileRef = 10BE9FE92B6D436A006F4D51 /* ProductsViewModel.swift */; };
		10F1505A2B61095D0049D670 /* HomeViewModel.swift in Sources */ = {isa = PBXBuildFile; fileRef = 10F150592B61095D0049D670 /* HomeViewModel.swift */; };
		10F1505F2B6120490049D670 /* Extensions.swift in Sources */ = {isa = PBXBuildFile; fileRef = 10F1505E2B6120490049D670 /* Extensions.swift */; };
		10F150622B6120640049D670 /* Kingfisher in Frameworks */ = {isa = PBXBuildFile; productRef = 10F150612B6120640049D670 /* Kingfisher */; };
		10F150642B6146160049D670 /* HomePageProductsModel.swift in Sources */ = {isa = PBXBuildFile; fileRef = 10F150632B6146160049D670 /* HomePageProductsModel.swift */; };
		10F150662B6158490049D670 /* CategoryModel.swift in Sources */ = {isa = PBXBuildFile; fileRef = 10F150652B6158490049D670 /* CategoryModel.swift */; };
		10F150682B615BAC0049D670 /* CategoryUseCase.swift in Sources */ = {isa = PBXBuildFile; fileRef = 10F150672B615BAC0049D670 /* CategoryUseCase.swift */; };
		10F1506A2B615C590049D670 /* CategoryEndpoint.swift in Sources */ = {isa = PBXBuildFile; fileRef = 10F150692B615C590049D670 /* CategoryEndpoint.swift */; };
		10F1506C2B615F710049D670 /* HomeItemsEndpoint.swift in Sources */ = {isa = PBXBuildFile; fileRef = 10F1506B2B615F710049D670 /* HomeItemsEndpoint.swift */; };
		10F1506E2B6162900049D670 /* HomeItemUseCase.swift in Sources */ = {isa = PBXBuildFile; fileRef = 10F1506D2B6162900049D670 /* HomeItemUseCase.swift */; };
		10F150702B61779C0049D670 /* HomeBannerView.swift in Sources */ = {isa = PBXBuildFile; fileRef = 10F1506F2B61779C0049D670 /* HomeBannerView.swift */; };
/* End PBXBuildFile section */

/* Begin PBXFileReference section */
		100B78CB2B62CB5D004B1FCB /* HomeBannerCell.swift */ = {isa = PBXFileReference; lastKnownFileType = sourcecode.swift; path = HomeBannerCell.swift; sourceTree = "<group>"; };
		1037438C2B51714200BB7CA8 /* TabBarController.swift */ = {isa = PBXFileReference; lastKnownFileType = sourcecode.swift; path = TabBarController.swift; sourceTree = "<group>"; };
		103743932B51720400BB7CA8 /* HomeViewController.swift */ = {isa = PBXFileReference; lastKnownFileType = sourcecode.swift; path = HomeViewController.swift; sourceTree = "<group>"; };
		103743952B51721D00BB7CA8 /* CategoryViewController.swift */ = {isa = PBXFileReference; lastKnownFileType = sourcecode.swift; path = CategoryViewController.swift; sourceTree = "<group>"; };
		103743972B51722D00BB7CA8 /* FavoriteViewController.swift */ = {isa = PBXFileReference; lastKnownFileType = sourcecode.swift; path = FavoriteViewController.swift; sourceTree = "<group>"; };
		103743992B51726900BB7CA8 /* BasketViewController.swift */ = {isa = PBXFileReference; lastKnownFileType = sourcecode.swift; path = BasketViewController.swift; sourceTree = "<group>"; };
		1037439B2B51728A00BB7CA8 /* SettingViewController.swift */ = {isa = PBXFileReference; lastKnownFileType = sourcecode.swift; path = SettingViewController.swift; sourceTree = "<group>"; };
		105A33862B56E47C00E8CBC2 /* HomeCollectionCell.swift */ = {isa = PBXFileReference; lastKnownFileType = sourcecode.swift; path = HomeCollectionCell.swift; sourceTree = "<group>"; };
		105A338A2B56E8F000E8CBC2 /* TopImageButtomLabelS.swift */ = {isa = PBXFileReference; lastKnownFileType = sourcecode.swift; path = TopImageButtomLabelS.swift; sourceTree = "<group>"; };
		1060429F2B4F3BCA003BD0CC /* DekaStarAz.app */ = {isa = PBXFileReference; explicitFileType = wrapper.application; includeInIndex = 0; path = DekaStarAz.app; sourceTree = BUILT_PRODUCTS_DIR; };
		106042A22B4F3BCA003BD0CC /* AppDelegate.swift */ = {isa = PBXFileReference; lastKnownFileType = sourcecode.swift; path = AppDelegate.swift; sourceTree = "<group>"; };
		106042A42B4F3BCA003BD0CC /* SceneDelegate.swift */ = {isa = PBXFileReference; lastKnownFileType = sourcecode.swift; path = SceneDelegate.swift; sourceTree = "<group>"; };
		106042AC2B4F3BCA003BD0CC /* DekaStarAz.xcdatamodel */ = {isa = PBXFileReference; lastKnownFileType = wrapper.xcdatamodel; path = DekaStarAz.xcdatamodel; sourceTree = "<group>"; };
		106042AE2B4F3BCB003BD0CC /* Assets.xcassets */ = {isa = PBXFileReference; lastKnownFileType = folder.assetcatalog; path = Assets.xcassets; sourceTree = "<group>"; };
		106042B12B4F3BCB003BD0CC /* Base */ = {isa = PBXFileReference; lastKnownFileType = file.storyboard; name = Base; path = Base.lproj/LaunchScreen.storyboard; sourceTree = "<group>"; };
		106042B32B4F3BCB003BD0CC /* Info.plist */ = {isa = PBXFileReference; lastKnownFileType = text.plist.xml; path = Info.plist; sourceTree = "<group>"; };
		107168AE2B5BCA4C005D7F36 /* BannerEndpoint.swift */ = {isa = PBXFileReference; lastKnownFileType = sourcecode.swift; path = BannerEndpoint.swift; sourceTree = "<group>"; };
		107168B02B5BCAE1005D7F36 /* BannerModel.swift */ = {isa = PBXFileReference; lastKnownFileType = sourcecode.swift; path = BannerModel.swift; sourceTree = "<group>"; };
		107168B32B5BCBFC005D7F36 /* NetworkHelperLinker.swift */ = {isa = PBXFileReference; lastKnownFileType = sourcecode.swift; path = NetworkHelperLinker.swift; sourceTree = "<group>"; };
		107168B52B5BCC47005D7F36 /* NetworkManager.swift */ = {isa = PBXFileReference; lastKnownFileType = sourcecode.swift; path = NetworkManager.swift; sourceTree = "<group>"; };
		107168BC2B5BD00A005D7F36 /* BannerListUseCase.swift */ = {isa = PBXFileReference; lastKnownFileType = sourcecode.swift; path = BannerListUseCase.swift; sourceTree = "<group>"; };
		107168BE2B5BD158005D7F36 /* HomePageManager.swift */ = {isa = PBXFileReference; lastKnownFileType = sourcecode.swift; path = HomePageManager.swift; sourceTree = "<group>"; };
		1093CD842B640C6500D0BBBF /* HomePagesItemsProtocols.swift */ = {isa = PBXFileReference; lastKnownFileType = sourcecode.swift; path = HomePagesItemsProtocols.swift; sourceTree = "<group>"; };
		10ACFCB62B665E10006F6B2A /* CategoryViewModel.swift */ = {isa = PBXFileReference; lastKnownFileType = sourcecode.swift; path = CategoryViewModel.swift; sourceTree = "<group>"; };
		10B373C12B650C2D00C9DE7A /* HomeKolleksiyaCell.swift */ = {isa = PBXFileReference; lastKnownFileType = sourcecode.swift; path = HomeKolleksiyaCell.swift; sourceTree = "<group>"; };
		10BE9FE72B6D3DBF006F4D51 /* ProductsViewController.swift */ = {isa = PBXFileReference; lastKnownFileType = sourcecode.swift; path = ProductsViewController.swift; sourceTree = "<group>"; };
		10BE9FE92B6D436A006F4D51 /* ProductsViewModel.swift */ = {isa = PBXFileReference; lastKnownFileType = sourcecode.swift; path = ProductsViewModel.swift; sourceTree = "<group>"; };
		10F150592B61095D0049D670 /* HomeViewModel.swift */ = {isa = PBXFileReference; lastKnownFileType = sourcecode.swift; path = HomeViewModel.swift; sourceTree = "<group>"; };
		10F1505E2B6120490049D670 /* Extensions.swift */ = {isa = PBXFileReference; lastKnownFileType = sourcecode.swift; path = Extensions.swift; sourceTree = "<group>"; };
		10F150632B6146160049D670 /* HomePageProductsModel.swift */ = {isa = PBXFileReference; lastKnownFileType = sourcecode.swift; path = HomePageProductsModel.swift; sourceTree = "<group>"; };
		10F150652B6158490049D670 /* CategoryModel.swift */ = {isa = PBXFileReference; lastKnownFileType = sourcecode.swift; path = CategoryModel.swift; sourceTree = "<group>"; };
		10F150672B615BAC0049D670 /* CategoryUseCase.swift */ = {isa = PBXFileReference; lastKnownFileType = sourcecode.swift; path = CategoryUseCase.swift; sourceTree = "<group>"; };
		10F150692B615C590049D670 /* CategoryEndpoint.swift */ = {isa = PBXFileReference; lastKnownFileType = sourcecode.swift; path = CategoryEndpoint.swift; sourceTree = "<group>"; };
		10F1506B2B615F710049D670 /* HomeItemsEndpoint.swift */ = {isa = PBXFileReference; lastKnownFileType = sourcecode.swift; path = HomeItemsEndpoint.swift; sourceTree = "<group>"; };
		10F1506D2B6162900049D670 /* HomeItemUseCase.swift */ = {isa = PBXFileReference; lastKnownFileType = sourcecode.swift; path = HomeItemUseCase.swift; sourceTree = "<group>"; };
		10F1506F2B61779C0049D670 /* HomeBannerView.swift */ = {isa = PBXFileReference; lastKnownFileType = sourcecode.swift; path = HomeBannerView.swift; sourceTree = "<group>"; };
/* End PBXFileReference section */

/* Begin PBXFrameworksBuildPhase section */
		1060429C2B4F3BCA003BD0CC /* Frameworks */ = {
			isa = PBXFrameworksBuildPhase;
			buildActionMask = 2147483647;
			files = (
				10F150622B6120640049D670 /* Kingfisher in Frameworks */,
				107168B92B5BCD01005D7F36 /* Alamofire in Frameworks */,
			);
			runOnlyForDeploymentPostprocessing = 0;
		};
/* End PBXFrameworksBuildPhase section */

/* Begin PBXGroup section */
		103743872B5170CA00BB7CA8 /* Network */ = {
			isa = PBXGroup;
			children = (
				107168AD2B5BCA25005D7F36 /* Endpoints */,
				107168B22B5BCBE5005D7F36 /* Core */,
				107168BA2B5BCFDE005D7F36 /* UseCases */,
				107168BB2B5BCFF1005D7F36 /* Manager */,
			);
			path = Network;
			sourceTree = "<group>";
		};
		103743882B5170D300BB7CA8 /* Cell */ = {
			isa = PBXGroup;
			children = (
				105A338A2B56E8F000E8CBC2 /* TopImageButtomLabelS.swift */,
				10B373C12B650C2D00C9DE7A /* HomeKolleksiyaCell.swift */,
			);
			path = Cell;
			sourceTree = "<group>";
		};
		103743892B5170DA00BB7CA8 /* Helper */ = {
			isa = PBXGroup;
			children = (
				1037438C2B51714200BB7CA8 /* TabBarController.swift */,
				10F1505E2B6120490049D670 /* Extensions.swift */,
			);
			path = Helper;
			sourceTree = "<group>";
		};
		1037438A2B5170E700BB7CA8 /* Model */ = {
			isa = PBXGroup;
			children = (
				107168B02B5BCAE1005D7F36 /* BannerModel.swift */,
				10F150632B6146160049D670 /* HomePageProductsModel.swift */,
				10F150652B6158490049D670 /* CategoryModel.swift */,
			);
			path = Model;
			sourceTree = "<group>";
		};
		1037438B2B5170F100BB7CA8 /* Scene */ = {
			isa = PBXGroup;
			children = (
				1037438E2B5171B100BB7CA8 /* HomePage */,
				1037438F2B5171BC00BB7CA8 /* CategoryPage */,
				10BE9FE62B6D3D22006F4D51 /* ProductsPage */,
				103743922B5171DC00BB7CA8 /* FavoritePage */,
				103743912B5171D400BB7CA8 /* BasketPage */,
				103743902B5171C600BB7CA8 /* SettingPage */,
			);
			path = Scene;
			sourceTree = "<group>";
		};
		1037438E2B5171B100BB7CA8 /* HomePage */ = {
			isa = PBXGroup;
			children = (
				10F1505D2B611D4F0049D670 /* HomeView */,
				10F150592B61095D0049D670 /* HomeViewModel.swift */,
				103743932B51720400BB7CA8 /* HomeViewController.swift */,
			);
			path = HomePage;
			sourceTree = "<group>";
		};
		1037438F2B5171BC00BB7CA8 /* CategoryPage */ = {
			isa = PBXGroup;
			children = (
				10ACFCB62B665E10006F6B2A /* CategoryViewModel.swift */,
				103743952B51721D00BB7CA8 /* CategoryViewController.swift */,
			);
			path = CategoryPage;
			sourceTree = "<group>";
		};
		103743902B5171C600BB7CA8 /* SettingPage */ = {
			isa = PBXGroup;
			children = (
				1037439B2B51728A00BB7CA8 /* SettingViewController.swift */,
			);
			path = SettingPage;
			sourceTree = "<group>";
		};
		103743912B5171D400BB7CA8 /* BasketPage */ = {
			isa = PBXGroup;
			children = (
				103743992B51726900BB7CA8 /* BasketViewController.swift */,
			);
			path = BasketPage;
			sourceTree = "<group>";
		};
		103743922B5171DC00BB7CA8 /* FavoritePage */ = {
			isa = PBXGroup;
			children = (
				103743972B51722D00BB7CA8 /* FavoriteViewController.swift */,
			);
			path = FavoritePage;
			sourceTree = "<group>";
		};
		106042962B4F3BCA003BD0CC = {
			isa = PBXGroup;
			children = (
				106042A12B4F3BCA003BD0CC /* DekaStarAz */,
				106042A02B4F3BCA003BD0CC /* Products */,
			);
			sourceTree = "<group>";
		};
		106042A02B4F3BCA003BD0CC /* Products */ = {
			isa = PBXGroup;
			children = (
				1060429F2B4F3BCA003BD0CC /* DekaStarAz.app */,
			);
			name = Products;
			sourceTree = "<group>";
		};
		106042A12B4F3BCA003BD0CC /* DekaStarAz */ = {
			isa = PBXGroup;
			children = (
				103743892B5170DA00BB7CA8 /* Helper */,
				103743872B5170CA00BB7CA8 /* Network */,
				1037438A2B5170E700BB7CA8 /* Model */,
				103743882B5170D300BB7CA8 /* Cell */,
				1037438B2B5170F100BB7CA8 /* Scene */,
				106042A22B4F3BCA003BD0CC /* AppDelegate.swift */,
				106042A42B4F3BCA003BD0CC /* SceneDelegate.swift */,
				106042AE2B4F3BCB003BD0CC /* Assets.xcassets */,
				106042B02B4F3BCB003BD0CC /* LaunchScreen.storyboard */,
				106042B32B4F3BCB003BD0CC /* Info.plist */,
				106042AB2B4F3BCA003BD0CC /* DekaStarAz.xcdatamodeld */,
			);
			path = DekaStarAz;
			sourceTree = "<group>";
		};
		107168AD2B5BCA25005D7F36 /* Endpoints */ = {
			isa = PBXGroup;
			children = (
				107168AE2B5BCA4C005D7F36 /* BannerEndpoint.swift */,
				10F150692B615C590049D670 /* CategoryEndpoint.swift */,
				10F1506B2B615F710049D670 /* HomeItemsEndpoint.swift */,
			);
			path = Endpoints;
			sourceTree = "<group>";
		};
		107168B22B5BCBE5005D7F36 /* Core */ = {
			isa = PBXGroup;
			children = (
				107168B32B5BCBFC005D7F36 /* NetworkHelperLinker.swift */,
				107168B52B5BCC47005D7F36 /* NetworkManager.swift */,
			);
			path = Core;
			sourceTree = "<group>";
		};
		107168BA2B5BCFDE005D7F36 /* UseCases */ = {
			isa = PBXGroup;
			children = (
				107168BC2B5BD00A005D7F36 /* BannerListUseCase.swift */,
				10F150672B615BAC0049D670 /* CategoryUseCase.swift */,
				10F1506D2B6162900049D670 /* HomeItemUseCase.swift */,
			);
			path = UseCases;
			sourceTree = "<group>";
		};
		107168BB2B5BCFF1005D7F36 /* Manager */ = {
			isa = PBXGroup;
			children = (
				107168BE2B5BD158005D7F36 /* HomePageManager.swift */,
			);
			path = Manager;
			sourceTree = "<group>";
		};
		10BE9FE62B6D3D22006F4D51 /* ProductsPage */ = {
			isa = PBXGroup;
			children = (
				10BE9FE92B6D436A006F4D51 /* ProductsViewModel.swift */,
				10BE9FE72B6D3DBF006F4D51 /* ProductsViewController.swift */,
			);
			path = ProductsPage;
			sourceTree = "<group>";
		};
		10F1505D2B611D4F0049D670 /* HomeView */ = {
			isa = PBXGroup;
			children = (
				105A33862B56E47C00E8CBC2 /* HomeCollectionCell.swift */,
				10F1506F2B61779C0049D670 /* HomeBannerView.swift */,
				100B78CB2B62CB5D004B1FCB /* HomeBannerCell.swift */,
				1093CD842B640C6500D0BBBF /* HomePagesItemsProtocols.swift */,
			);
			path = HomeView;
			sourceTree = "<group>";
		};
/* End PBXGroup section */

/* Begin PBXNativeTarget section */
		1060429E2B4F3BCA003BD0CC /* DekaStarAz */ = {
			isa = PBXNativeTarget;
			buildConfigurationList = 106042B62B4F3BCB003BD0CC /* Build configuration list for PBXNativeTarget "DekaStarAz" */;
			buildPhases = (
				1060429B2B4F3BCA003BD0CC /* Sources */,
				1060429C2B4F3BCA003BD0CC /* Frameworks */,
				1060429D2B4F3BCA003BD0CC /* Resources */,
			);
			buildRules = (
			);
			dependencies = (
			);
			name = DekaStarAz;
			packageProductDependencies = (
				107168B82B5BCD01005D7F36 /* Alamofire */,
				10F150612B6120640049D670 /* Kingfisher */,
			);
			productName = DekaStarAz;
			productReference = 1060429F2B4F3BCA003BD0CC /* DekaStarAz.app */;
			productType = "com.apple.product-type.application";
		};
/* End PBXNativeTarget section */

/* Begin PBXProject section */
		106042972B4F3BCA003BD0CC /* Project object */ = {
			isa = PBXProject;
			attributes = {
				BuildIndependentTargetsInParallel = 1;
				LastSwiftUpdateCheck = 1510;
				LastUpgradeCheck = 1510;
				TargetAttributes = {
					1060429E2B4F3BCA003BD0CC = {
						CreatedOnToolsVersion = 15.1;
					};
				};
			};
			buildConfigurationList = 1060429A2B4F3BCA003BD0CC /* Build configuration list for PBXProject "DekaStarAz" */;
			compatibilityVersion = "Xcode 14.0";
			developmentRegion = en;
			hasScannedForEncodings = 0;
			knownRegions = (
				en,
				Base,
			);
			mainGroup = 106042962B4F3BCA003BD0CC;
			packageReferences = (
				107168B72B5BCD01005D7F36 /* XCRemoteSwiftPackageReference "Alamofire" */,
				10F150602B6120640049D670 /* XCRemoteSwiftPackageReference "Kingfisher" */,
			);
			productRefGroup = 106042A02B4F3BCA003BD0CC /* Products */;
			projectDirPath = "";
			projectRoot = "";
			targets = (
				1060429E2B4F3BCA003BD0CC /* DekaStarAz */,
			);
		};
/* End PBXProject section */

/* Begin PBXResourcesBuildPhase section */
		1060429D2B4F3BCA003BD0CC /* Resources */ = {
			isa = PBXResourcesBuildPhase;
			buildActionMask = 2147483647;
			files = (
				106042B22B4F3BCB003BD0CC /* LaunchScreen.storyboard in Resources */,
				106042AF2B4F3BCB003BD0CC /* Assets.xcassets in Resources */,
			);
			runOnlyForDeploymentPostprocessing = 0;
		};
/* End PBXResourcesBuildPhase section */

/* Begin PBXSourcesBuildPhase section */
		1060429B2B4F3BCA003BD0CC /* Sources */ = {
			isa = PBXSourcesBuildPhase;
			buildActionMask = 2147483647;
			files = (
				10F1506A2B615C590049D670 /* CategoryEndpoint.swift in Sources */,
				10F150642B6146160049D670 /* HomePageProductsModel.swift in Sources */,
				105A338B2B56E8F000E8CBC2 /* TopImageButtomLabelS.swift in Sources */,
				10F1505A2B61095D0049D670 /* HomeViewModel.swift in Sources */,
				105A33872B56E47C00E8CBC2 /* HomeCollectionCell.swift in Sources */,
				107168B12B5BCAE1005D7F36 /* BannerModel.swift in Sources */,
				103743942B51720400BB7CA8 /* HomeViewController.swift in Sources */,
				106042AD2B4F3BCA003BD0CC /* DekaStarAz.xcdatamodeld in Sources */,
				10F150662B6158490049D670 /* CategoryModel.swift in Sources */,
				1037438D2B51714200BB7CA8 /* TabBarController.swift in Sources */,
				10F150702B61779C0049D670 /* HomeBannerView.swift in Sources */,
				103743982B51722D00BB7CA8 /* FavoriteViewController.swift in Sources */,
				107168BF2B5BD158005D7F36 /* HomePageManager.swift in Sources */,
				106042A32B4F3BCA003BD0CC /* AppDelegate.swift in Sources */,
				10B373C22B650C2D00C9DE7A /* HomeKolleksiyaCell.swift in Sources */,
				1037439C2B51728A00BB7CA8 /* SettingViewController.swift in Sources */,
				107168B42B5BCBFC005D7F36 /* NetworkHelperLinker.swift in Sources */,
				10F1506C2B615F710049D670 /* HomeItemsEndpoint.swift in Sources */,
				10BE9FEA2B6D436A006F4D51 /* ProductsViewModel.swift in Sources */,
				103743962B51721D00BB7CA8 /* CategoryViewController.swift in Sources */,
				100B78CC2B62CB5D004B1FCB /* HomeBannerCell.swift in Sources */,
				1037439A2B51726900BB7CA8 /* BasketViewController.swift in Sources */,
				1093CD852B640C6500D0BBBF /* HomePagesItemsProtocols.swift in Sources */,
				10ACFCB72B665E10006F6B2A /* CategoryViewModel.swift in Sources */,
				10F150682B615BAC0049D670 /* CategoryUseCase.swift in Sources */,
				107168B62B5BCC47005D7F36 /* NetworkManager.swift in Sources */,
				10F1505F2B6120490049D670 /* Extensions.swift in Sources */,
				10F1506E2B6162900049D670 /* HomeItemUseCase.swift in Sources */,
				107168BD2B5BD00A005D7F36 /* BannerListUseCase.swift in Sources */,
				107168AF2B5BCA4C005D7F36 /* BannerEndpoint.swift in Sources */,
				106042A52B4F3BCA003BD0CC /* SceneDelegate.swift in Sources */,
				10BE9FE82B6D3DBF006F4D51 /* ProductsViewController.swift in Sources */,
			);
			runOnlyForDeploymentPostprocessing = 0;
		};
/* End PBXSourcesBuildPhase section */

/* Begin PBXVariantGroup section */
		106042B02B4F3BCB003BD0CC /* LaunchScreen.storyboard */ = {
			isa = PBXVariantGroup;
			children = (
				106042B12B4F3BCB003BD0CC /* Base */,
			);
			name = LaunchScreen.storyboard;
			sourceTree = "<group>";
		};
/* End PBXVariantGroup section */

/* Begin XCBuildConfiguration section */
		106042B42B4F3BCB003BD0CC /* Debug */ = {
			isa = XCBuildConfiguration;
			buildSettings = {
				ALWAYS_SEARCH_USER_PATHS = NO;
				ASSETCATALOG_COMPILER_GENERATE_SWIFT_ASSET_SYMBOL_EXTENSIONS = YES;
				CLANG_ANALYZER_NONNULL = YES;
				CLANG_ANALYZER_NUMBER_OBJECT_CONVERSION = YES_AGGRESSIVE;
				CLANG_CXX_LANGUAGE_STANDARD = "gnu++20";
				CLANG_ENABLE_MODULES = YES;
				CLANG_ENABLE_OBJC_ARC = YES;
				CLANG_ENABLE_OBJC_WEAK = YES;
				CLANG_WARN_BLOCK_CAPTURE_AUTORELEASING = YES;
				CLANG_WARN_BOOL_CONVERSION = YES;
				CLANG_WARN_COMMA = YES;
				CLANG_WARN_CONSTANT_CONVERSION = YES;
				CLANG_WARN_DEPRECATED_OBJC_IMPLEMENTATIONS = YES;
				CLANG_WARN_DIRECT_OBJC_ISA_USAGE = YES_ERROR;
				CLANG_WARN_DOCUMENTATION_COMMENTS = YES;
				CLANG_WARN_EMPTY_BODY = YES;
				CLANG_WARN_ENUM_CONVERSION = YES;
				CLANG_WARN_INFINITE_RECURSION = YES;
				CLANG_WARN_INT_CONVERSION = YES;
				CLANG_WARN_NON_LITERAL_NULL_CONVERSION = YES;
				CLANG_WARN_OBJC_IMPLICIT_RETAIN_SELF = YES;
				CLANG_WARN_OBJC_LITERAL_CONVERSION = YES;
				CLANG_WARN_OBJC_ROOT_CLASS = YES_ERROR;
				CLANG_WARN_QUOTED_INCLUDE_IN_FRAMEWORK_HEADER = YES;
				CLANG_WARN_RANGE_LOOP_ANALYSIS = YES;
				CLANG_WARN_STRICT_PROTOTYPES = YES;
				CLANG_WARN_SUSPICIOUS_MOVE = YES;
				CLANG_WARN_UNGUARDED_AVAILABILITY = YES_AGGRESSIVE;
				CLANG_WARN_UNREACHABLE_CODE = YES;
				CLANG_WARN__DUPLICATE_METHOD_MATCH = YES;
				COPY_PHASE_STRIP = NO;
				DEBUG_INFORMATION_FORMAT = dwarf;
				ENABLE_STRICT_OBJC_MSGSEND = YES;
				ENABLE_TESTABILITY = YES;
				ENABLE_USER_SCRIPT_SANDBOXING = YES;
				GCC_C_LANGUAGE_STANDARD = gnu17;
				GCC_DYNAMIC_NO_PIC = NO;
				GCC_NO_COMMON_BLOCKS = YES;
				GCC_OPTIMIZATION_LEVEL = 0;
				GCC_PREPROCESSOR_DEFINITIONS = (
					"DEBUG=1",
					"$(inherited)",
				);
				GCC_WARN_64_TO_32_BIT_CONVERSION = YES;
				GCC_WARN_ABOUT_RETURN_TYPE = YES_ERROR;
				GCC_WARN_UNDECLARED_SELECTOR = YES;
				GCC_WARN_UNINITIALIZED_AUTOS = YES_AGGRESSIVE;
				GCC_WARN_UNUSED_FUNCTION = YES;
				GCC_WARN_UNUSED_VARIABLE = YES;
				IPHONEOS_DEPLOYMENT_TARGET = 17.2;
				LOCALIZATION_PREFERS_STRING_CATALOGS = YES;
				MTL_ENABLE_DEBUG_INFO = INCLUDE_SOURCE;
				MTL_FAST_MATH = YES;
				ONLY_ACTIVE_ARCH = YES;
				SDKROOT = iphoneos;
				SWIFT_ACTIVE_COMPILATION_CONDITIONS = "DEBUG $(inherited)";
				SWIFT_OPTIMIZATION_LEVEL = "-Onone";
			};
			name = Debug;
		};
		106042B52B4F3BCB003BD0CC /* Release */ = {
			isa = XCBuildConfiguration;
			buildSettings = {
				ALWAYS_SEARCH_USER_PATHS = NO;
				ASSETCATALOG_COMPILER_GENERATE_SWIFT_ASSET_SYMBOL_EXTENSIONS = YES;
				CLANG_ANALYZER_NONNULL = YES;
				CLANG_ANALYZER_NUMBER_OBJECT_CONVERSION = YES_AGGRESSIVE;
				CLANG_CXX_LANGUAGE_STANDARD = "gnu++20";
				CLANG_ENABLE_MODULES = YES;
				CLANG_ENABLE_OBJC_ARC = YES;
				CLANG_ENABLE_OBJC_WEAK = YES;
				CLANG_WARN_BLOCK_CAPTURE_AUTORELEASING = YES;
				CLANG_WARN_BOOL_CONVERSION = YES;
				CLANG_WARN_COMMA = YES;
				CLANG_WARN_CONSTANT_CONVERSION = YES;
				CLANG_WARN_DEPRECATED_OBJC_IMPLEMENTATIONS = YES;
				CLANG_WARN_DIRECT_OBJC_ISA_USAGE = YES_ERROR;
				CLANG_WARN_DOCUMENTATION_COMMENTS = YES;
				CLANG_WARN_EMPTY_BODY = YES;
				CLANG_WARN_ENUM_CONVERSION = YES;
				CLANG_WARN_INFINITE_RECURSION = YES;
				CLANG_WARN_INT_CONVERSION = YES;
				CLANG_WARN_NON_LITERAL_NULL_CONVERSION = YES;
				CLANG_WARN_OBJC_IMPLICIT_RETAIN_SELF = YES;
				CLANG_WARN_OBJC_LITERAL_CONVERSION = YES;
				CLANG_WARN_OBJC_ROOT_CLASS = YES_ERROR;
				CLANG_WARN_QUOTED_INCLUDE_IN_FRAMEWORK_HEADER = YES;
				CLANG_WARN_RANGE_LOOP_ANALYSIS = YES;
				CLANG_WARN_STRICT_PROTOTYPES = YES;
				CLANG_WARN_SUSPICIOUS_MOVE = YES;
				CLANG_WARN_UNGUARDED_AVAILABILITY = YES_AGGRESSIVE;
				CLANG_WARN_UNREACHABLE_CODE = YES;
				CLANG_WARN__DUPLICATE_METHOD_MATCH = YES;
				COPY_PHASE_STRIP = NO;
				DEBUG_INFORMATION_FORMAT = "dwarf-with-dsym";
				ENABLE_NS_ASSERTIONS = NO;
				ENABLE_STRICT_OBJC_MSGSEND = YES;
				ENABLE_USER_SCRIPT_SANDBOXING = YES;
				GCC_C_LANGUAGE_STANDARD = gnu17;
				GCC_NO_COMMON_BLOCKS = YES;
				GCC_WARN_64_TO_32_BIT_CONVERSION = YES;
				GCC_WARN_ABOUT_RETURN_TYPE = YES_ERROR;
				GCC_WARN_UNDECLARED_SELECTOR = YES;
				GCC_WARN_UNINITIALIZED_AUTOS = YES_AGGRESSIVE;
				GCC_WARN_UNUSED_FUNCTION = YES;
				GCC_WARN_UNUSED_VARIABLE = YES;
				IPHONEOS_DEPLOYMENT_TARGET = 17.2;
				LOCALIZATION_PREFERS_STRING_CATALOGS = YES;
				MTL_ENABLE_DEBUG_INFO = NO;
				MTL_FAST_MATH = YES;
				SDKROOT = iphoneos;
				SWIFT_COMPILATION_MODE = wholemodule;
				VALIDATE_PRODUCT = YES;
			};
			name = Release;
		};
		106042B72B4F3BCB003BD0CC /* Debug */ = {
			isa = XCBuildConfiguration;
			buildSettings = {
				ASSETCATALOG_COMPILER_APPICON_NAME = AppIcon;
				ASSETCATALOG_COMPILER_GLOBAL_ACCENT_COLOR_NAME = AccentColor;
				CODE_SIGN_STYLE = Automatic;
				CURRENT_PROJECT_VERSION = 1;
				DEVELOPMENT_TEAM = Y34U93D838;
				GENERATE_INFOPLIST_FILE = YES;
				INFOPLIST_FILE = DekaStarAz/Info.plist;
				INFOPLIST_KEY_UIApplicationSupportsIndirectInputEvents = YES;
				INFOPLIST_KEY_UILaunchStoryboardName = LaunchScreen;
				INFOPLIST_KEY_UISupportedInterfaceOrientations_iPad = "UIInterfaceOrientationPortrait UIInterfaceOrientationPortraitUpsideDown UIInterfaceOrientationLandscapeLeft UIInterfaceOrientationLandscapeRight";
				INFOPLIST_KEY_UISupportedInterfaceOrientations_iPhone = "UIInterfaceOrientationPortrait UIInterfaceOrientationLandscapeLeft UIInterfaceOrientationLandscapeRight";
				LD_RUNPATH_SEARCH_PATHS = (
					"$(inherited)",
					"@executable_path/Frameworks",
				);
				MARKETING_VERSION = 1.0;
				PRODUCT_BUNDLE_IDENTIFIER = com.nazrindolkhanova.DekaStarAz;
				PRODUCT_NAME = "$(TARGET_NAME)";
				SWIFT_EMIT_LOC_STRINGS = YES;
				SWIFT_VERSION = 5.0;
				TARGETED_DEVICE_FAMILY = "1,2";
			};
			name = Debug;
		};
		106042B82B4F3BCB003BD0CC /* Release */ = {
			isa = XCBuildConfiguration;
			buildSettings = {
				ASSETCATALOG_COMPILER_APPICON_NAME = AppIcon;
				ASSETCATALOG_COMPILER_GLOBAL_ACCENT_COLOR_NAME = AccentColor;
				CODE_SIGN_STYLE = Automatic;
				CURRENT_PROJECT_VERSION = 1;
				DEVELOPMENT_TEAM = Y34U93D838;
				GENERATE_INFOPLIST_FILE = YES;
				INFOPLIST_FILE = DekaStarAz/Info.plist;
				INFOPLIST_KEY_UIApplicationSupportsIndirectInputEvents = YES;
				INFOPLIST_KEY_UILaunchStoryboardName = LaunchScreen;
				INFOPLIST_KEY_UISupportedInterfaceOrientations_iPad = "UIInterfaceOrientationPortrait UIInterfaceOrientationPortraitUpsideDown UIInterfaceOrientationLandscapeLeft UIInterfaceOrientationLandscapeRight";
				INFOPLIST_KEY_UISupportedInterfaceOrientations_iPhone = "UIInterfaceOrientationPortrait UIInterfaceOrientationLandscapeLeft UIInterfaceOrientationLandscapeRight";
				LD_RUNPATH_SEARCH_PATHS = (
					"$(inherited)",
					"@executable_path/Frameworks",
				);
				MARKETING_VERSION = 1.0;
				PRODUCT_BUNDLE_IDENTIFIER = com.nazrindolkhanova.DekaStarAz;
				PRODUCT_NAME = "$(TARGET_NAME)";
				SWIFT_EMIT_LOC_STRINGS = YES;
				SWIFT_VERSION = 5.0;
				TARGETED_DEVICE_FAMILY = "1,2";
			};
			name = Release;
		};
/* End XCBuildConfiguration section */

/* Begin XCConfigurationList section */
		1060429A2B4F3BCA003BD0CC /* Build configuration list for PBXProject "DekaStarAz" */ = {
			isa = XCConfigurationList;
			buildConfigurations = (
				106042B42B4F3BCB003BD0CC /* Debug */,
				106042B52B4F3BCB003BD0CC /* Release */,
			);
			defaultConfigurationIsVisible = 0;
			defaultConfigurationName = Release;
		};
		106042B62B4F3BCB003BD0CC /* Build configuration list for PBXNativeTarget "DekaStarAz" */ = {
			isa = XCConfigurationList;
			buildConfigurations = (
				106042B72B4F3BCB003BD0CC /* Debug */,
				106042B82B4F3BCB003BD0CC /* Release */,
			);
			defaultConfigurationIsVisible = 0;
			defaultConfigurationName = Release;
		};
/* End XCConfigurationList section */

/* Begin XCRemoteSwiftPackageReference section */
		107168B72B5BCD01005D7F36 /* XCRemoteSwiftPackageReference "Alamofire" */ = {
			isa = XCRemoteSwiftPackageReference;
			repositoryURL = "https://github.com/Alamofire/Alamofire.git";
			requirement = {
				kind = upToNextMajorVersion;
				minimumVersion = 5.8.1;
			};
		};
		10F150602B6120640049D670 /* XCRemoteSwiftPackageReference "Kingfisher" */ = {
			isa = XCRemoteSwiftPackageReference;
			repositoryURL = "https://github.com/onevcat/Kingfisher.git";
			requirement = {
				kind = upToNextMajorVersion;
				minimumVersion = 7.10.2;
			};
		};
/* End XCRemoteSwiftPackageReference section */

/* Begin XCSwiftPackageProductDependency section */
		107168B82B5BCD01005D7F36 /* Alamofire */ = {
			isa = XCSwiftPackageProductDependency;
			package = 107168B72B5BCD01005D7F36 /* XCRemoteSwiftPackageReference "Alamofire" */;
			productName = Alamofire;
		};
		10F150612B6120640049D670 /* Kingfisher */ = {
			isa = XCSwiftPackageProductDependency;
			package = 10F150602B6120640049D670 /* XCRemoteSwiftPackageReference "Kingfisher" */;
			productName = Kingfisher;
		};
/* End XCSwiftPackageProductDependency section */

/* Begin XCVersionGroup section */
		106042AB2B4F3BCA003BD0CC /* DekaStarAz.xcdatamodeld */ = {
			isa = XCVersionGroup;
			children = (
				106042AC2B4F3BCA003BD0CC /* DekaStarAz.xcdatamodel */,
			);
			currentVersion = 106042AC2B4F3BCA003BD0CC /* DekaStarAz.xcdatamodel */;
			path = DekaStarAz.xcdatamodeld;
			sourceTree = "<group>";
			versionGroupType = wrapper.xcdatamodel;
		};
/* End XCVersionGroup section */
	};
	rootObject = 106042972B4F3BCA003BD0CC /* Project object */;
}
